
Microsoft Visual Studio Solution File, Format Version 12.00
# Visual Studio Version 16
VisualStudioVersion = 16.0.34931.43
MinimumVisualStudioVersion = 10.0.40219.1
Project("{FAE04EC0-301F-11D3-BF4B-00C04F79EFBC}") = "ShopCart", "ShopCart\ShopCart.csproj", "{AA634871-205B-488F-BCF1-E4D6431852BB}"
EndProject
Global
	GlobalSection(SolutionConfigurationPlatforms) = preSolution
		Debug|Any CPU = Debug|Any CPU
		Release|Any CPU = Release|Any CPU
	EndGlobalSection
	GlobalSection(ProjectConfigurationPlatforms) = postSolution
		{AA634871-205B-488F-BCF1-E4D6431852BB}.Debug|Any CPU.ActiveCfg = Debug|Any CPU
		{AA634871-205B-488F-BCF1-E4D6431852BB}.Debug|Any CPU.Build.0 = Debug|Any CPU
		{AA634871-205B-488F-BCF1-E4D6431852BB}.Release|Any CPU.ActiveCfg = Release|Any CPU
		{AA634871-205B-488F-BCF1-E4D6431852BB}.Release|Any CPU.Build.0 = Release|Any CPU
	EndGlobalSection
	GlobalSection(SolutionProperties) = preSolution
		HideSolutionNode = FALSE
	EndGlobalSection
	GlobalSection(ExtensibilityGlobals) = postSolution
		SolutionGuid = {4209F4C4-FD03-4C03-B878-802A9E35C346}
	EndGlobalSection
EndGlobal
